
Microsoft Visual Studio Solution File, Format Version 12.00
# Visual Studio Version 17
VisualStudioVersion = 17.5.33414.496
MinimumVisualStudioVersion = 10.0.40219.1
Project("{888888A0-9F3D-457C-B088-3A5042F75D52}") = "HW6A", "HW6A.pyproj", "{2A89CBBA-2AB1-400A-B5BF-4FA0256D9BDB}"
EndProject
Global
	GlobalSection(SolutionConfigurationPlatforms) = preSolution
		Debug|Any CPU = Debug|Any CPU
		Release|Any CPU = Release|Any CPU
	EndGlobalSection
	GlobalSection(ProjectConfigurationPlatforms) = postSolution
		{2A89CBBA-2AB1-400A-B5BF-4FA0256D9BDB}.Debug|Any CPU.ActiveCfg = Debug|Any CPU
		{2A89CBBA-2AB1-400A-B5BF-4FA0256D9BDB}.Release|Any CPU.ActiveCfg = Release|Any CPU
	EndGlobalSection
	GlobalSection(SolutionProperties) = preSolution
		HideSolutionNode = FALSE
	EndGlobalSection
	GlobalSection(ExtensibilityGlobals) = postSolution
		SolutionGuid = {82E77774-2B55-41AE-BE3E-1C80E7B7365E}
	EndGlobalSection
EndGlobal
