
Microsoft Visual Studio Solution File, Format Version 12.00
# Visual Studio Version 17
VisualStudioVersion = 17.5.33414.496
MinimumVisualStudioVersion = 10.0.40219.1
Project("{888888A0-9F3D-457C-B088-3A5042F75D52}") = "HW2B", "HW2B.pyproj", "{AC456250-4FCC-431F-9318-26ABADD69A79}"
EndProject
Global
	GlobalSection(SolutionConfigurationPlatforms) = preSolution
		Debug|Any CPU = Debug|Any CPU
		Release|Any CPU = Release|Any CPU
	EndGlobalSection
	GlobalSection(ProjectConfigurationPlatforms) = postSolution
		{AC456250-4FCC-431F-9318-26ABADD69A79}.Debug|Any CPU.ActiveCfg = Debug|Any CPU
		{AC456250-4FCC-431F-9318-26ABADD69A79}.Release|Any CPU.ActiveCfg = Release|Any CPU
	EndGlobalSection
	GlobalSection(SolutionProperties) = preSolution
		HideSolutionNode = FALSE
	EndGlobalSection
	GlobalSection(ExtensibilityGlobals) = postSolution
		SolutionGuid = {5552823D-E035-4A34-9BA1-FED6762D3FF6}
	EndGlobalSection
EndGlobal
