
Microsoft Visual Studio Solution File, Format Version 12.00
# Visual Studio Version 17
VisualStudioVersion = 17.5.33414.496
MinimumVisualStudioVersion = 10.0.40219.1
Project("{888888A0-9F3D-457C-B088-3A5042F75D52}") = "HW4Q1", "HW4Q1.pyproj", "{CBFE1C44-74CF-464C-AEA8-BEE30778A119}"
EndProject
Global
	GlobalSection(SolutionConfigurationPlatforms) = preSolution
		Debug|Any CPU = Debug|Any CPU
		Release|Any CPU = Release|Any CPU
	EndGlobalSection
	GlobalSection(ProjectConfigurationPlatforms) = postSolution
		{CBFE1C44-74CF-464C-AEA8-BEE30778A119}.Debug|Any CPU.ActiveCfg = Debug|Any CPU
		{CBFE1C44-74CF-464C-AEA8-BEE30778A119}.Release|Any CPU.ActiveCfg = Release|Any CPU
	EndGlobalSection
	GlobalSection(SolutionProperties) = preSolution
		HideSolutionNode = FALSE
	EndGlobalSection
	GlobalSection(ExtensibilityGlobals) = postSolution
		SolutionGuid = {33A53722-888E-4892-A770-038BEB937729}
	EndGlobalSection
EndGlobal
