
Microsoft Visual Studio Solution File, Format Version 12.00
# Visual Studio Version 17
VisualStudioVersion = 17.5.33414.496
MinimumVisualStudioVersion = 10.0.40219.1
Project("{888888A0-9F3D-457C-B088-3A5042F75D52}") = "HW3", "HW3.pyproj", "{088AA9A1-BDB8-45AD-94DE-D19AFA6CC5F5}"
EndProject
Global
	GlobalSection(SolutionConfigurationPlatforms) = preSolution
		Debug|Any CPU = Debug|Any CPU
		Release|Any CPU = Release|Any CPU
	EndGlobalSection
	GlobalSection(ProjectConfigurationPlatforms) = postSolution
		{088AA9A1-BDB8-45AD-94DE-D19AFA6CC5F5}.Debug|Any CPU.ActiveCfg = Debug|Any CPU
		{088AA9A1-BDB8-45AD-94DE-D19AFA6CC5F5}.Release|Any CPU.ActiveCfg = Release|Any CPU
	EndGlobalSection
	GlobalSection(SolutionProperties) = preSolution
		HideSolutionNode = FALSE
	EndGlobalSection
	GlobalSection(ExtensibilityGlobals) = postSolution
		SolutionGuid = {C48EDDBE-6648-4E03-834F-BF41D3729ADA}
	EndGlobalSection
EndGlobal
